// !$*UTF8*$!
{
	archiveVersion = 1;
	classes = {
	};
	objectVersion = 56;
	objects = {

/* Begin PBXBuildFile section */
		B80289B92AB9AA6400EFB14F /* BubblesApp.swift in Sources */ = {isa = PBXBuildFile; fileRef = B80289B82AB9AA6400EFB14F /* BubblesApp.swift */; };
		B80289BB2AB9AA6400EFB14F /* ContentView.swift in Sources */ = {isa = PBXBuildFile; fileRef = B80289BA2AB9AA6400EFB14F /* ContentView.swift */; };
		B80289BD2AB9AA6500EFB14F /* Assets.xcassets in Resources */ = {isa = PBXBuildFile; fileRef = B80289BC2AB9AA6500EFB14F /* Assets.xcassets */; };
		B80289C02AB9AA6500EFB14F /* Preview Assets.xcassets in Resources */ = {isa = PBXBuildFile; fileRef = B80289BF2AB9AA6500EFB14F /* Preview Assets.xcassets */; };
		B80289CA2AB9AA6500EFB14F /* BubblesTests.swift in Sources */ = {isa = PBXBuildFile; fileRef = B80289C92AB9AA6500EFB14F /* BubblesTests.swift */; };
		B80289D42AB9AA6500EFB14F /* BubblesUITests.swift in Sources */ = {isa = PBXBuildFile; fileRef = B80289D32AB9AA6500EFB14F /* BubblesUITests.swift */; };
		B80289D62AB9AA6500EFB14F /* BubblesUITestsLaunchTests.swift in Sources */ = {isa = PBXBuildFile; fileRef = B80289D52AB9AA6500EFB14F /* BubblesUITestsLaunchTests.swift */; };
		B8E813A82B24EEEC0051FF23 /* LoginView.swift in Sources */ = {isa = PBXBuildFile; fileRef = B8E813A72B24EEEC0051FF23 /* LoginView.swift */; };
		B8E813AA2B24EF5A0051FF23 /* InputView.swift in Sources */ = {isa = PBXBuildFile; fileRef = B8E813A92B24EF5A0051FF23 /* InputView.swift */; };
		B8E813AC2B24FFC90051FF23 /* GlowyTextView.swift in Sources */ = {isa = PBXBuildFile; fileRef = B8E813AB2B24FFC90051FF23 /* GlowyTextView.swift */; };
		B8E813AF2B2509750051FF23 /* Webservice.swift in Sources */ = {isa = PBXBuildFile; fileRef = B8E813AE2B2509750051FF23 /* Webservice.swift */; };
		B8E813B32B250F900051FF23 /* AuthViewModel.swift in Sources */ = {isa = PBXBuildFile; fileRef = B8E813B22B250F900051FF23 /* AuthViewModel.swift */; };
		B8E813B72B251D500051FF23 /* RegistrationView.swift in Sources */ = {isa = PBXBuildFile; fileRef = B8E813B62B251D500051FF23 /* RegistrationView.swift */; };
		B8E813BA2B25265E0051FF23 /* LocationManager.swift in Sources */ = {isa = PBXBuildFile; fileRef = B8E813B92B25265E0051FF23 /* LocationManager.swift */; };
		B8E813BD2B252BE80051FF23 /* HomeView.swift in Sources */ = {isa = PBXBuildFile; fileRef = B8E813BC2B252BE80051FF23 /* HomeView.swift */; };
		B8E813BF2B252C200051FF23 /* HomeMapViewRepresentable.swift in Sources */ = {isa = PBXBuildFile; fileRef = B8E813BE2B252C200051FF23 /* HomeMapViewRepresentable.swift */; };
		B8E813C12B2533670051FF23 /* MapButton.swift in Sources */ = {isa = PBXBuildFile; fileRef = B8E813C02B2533670051FF23 /* MapButton.swift */; };
		B8E813C32B2538640051FF23 /* MapAccountButton.swift in Sources */ = {isa = PBXBuildFile; fileRef = B8E813C22B2538640051FF23 /* MapAccountButton.swift */; };
		B8E813C62B253BC70051FF23 /* ProfileView.swift in Sources */ = {isa = PBXBuildFile; fileRef = B8E813C52B253BC70051FF23 /* ProfileView.swift */; };
		B8E813C92B25551C0051FF23 /* APIModels.swift in Sources */ = {isa = PBXBuildFile; fileRef = B8E813C82B25551C0051FF23 /* APIModels.swift */; };
		B8E813CB2B255F330051FF23 /* ProfileListViewModel.swift in Sources */ = {isa = PBXBuildFile; fileRef = B8E813CA2B255F330051FF23 /* ProfileListViewModel.swift */; };
/* End PBXBuildFile section */

/* Begin PBXContainerItemProxy section */
		B80289C62AB9AA6500EFB14F /* PBXContainerItemProxy */ = {
			isa = PBXContainerItemProxy;
			containerPortal = B80289AD2AB9AA6400EFB14F /* Project object */;
			proxyType = 1;
			remoteGlobalIDString = B80289B42AB9AA6400EFB14F;
			remoteInfo = Bubbles;
		};
		B80289D02AB9AA6500EFB14F /* PBXContainerItemProxy */ = {
			isa = PBXContainerItemProxy;
			containerPortal = B80289AD2AB9AA6400EFB14F /* Project object */;
			proxyType = 1;
			remoteGlobalIDString = B80289B42AB9AA6400EFB14F;
			remoteInfo = Bubbles;
		};
/* End PBXContainerItemProxy section */

/* Begin PBXFileReference section */
		B80289B52AB9AA6400EFB14F /* Bubbles.app */ = {isa = PBXFileReference; explicitFileType = wrapper.application; includeInIndex = 0; path = Bubbles.app; sourceTree = BUILT_PRODUCTS_DIR; };
		B80289B82AB9AA6400EFB14F /* BubblesApp.swift */ = {isa = PBXFileReference; lastKnownFileType = sourcecode.swift; path = BubblesApp.swift; sourceTree = "<group>"; };
		B80289BA2AB9AA6400EFB14F /* ContentView.swift */ = {isa = PBXFileReference; lastKnownFileType = sourcecode.swift; path = ContentView.swift; sourceTree = "<group>"; };
		B80289BC2AB9AA6500EFB14F /* Assets.xcassets */ = {isa = PBXFileReference; lastKnownFileType = folder.assetcatalog; path = Assets.xcassets; sourceTree = "<group>"; };
		B80289BF2AB9AA6500EFB14F /* Preview Assets.xcassets */ = {isa = PBXFileReference; lastKnownFileType = folder.assetcatalog; path = "Preview Assets.xcassets"; sourceTree = "<group>"; };
		B80289C52AB9AA6500EFB14F /* BubblesTests.xctest */ = {isa = PBXFileReference; explicitFileType = wrapper.cfbundle; includeInIndex = 0; path = BubblesTests.xctest; sourceTree = BUILT_PRODUCTS_DIR; };
		B80289C92AB9AA6500EFB14F /* BubblesTests.swift */ = {isa = PBXFileReference; lastKnownFileType = sourcecode.swift; path = BubblesTests.swift; sourceTree = "<group>"; };
		B80289CF2AB9AA6500EFB14F /* BubblesUITests.xctest */ = {isa = PBXFileReference; explicitFileType = wrapper.cfbundle; includeInIndex = 0; path = BubblesUITests.xctest; sourceTree = BUILT_PRODUCTS_DIR; };
		B80289D32AB9AA6500EFB14F /* BubblesUITests.swift */ = {isa = PBXFileReference; lastKnownFileType = sourcecode.swift; path = BubblesUITests.swift; sourceTree = "<group>"; };
		B80289D52AB9AA6500EFB14F /* BubblesUITestsLaunchTests.swift */ = {isa = PBXFileReference; lastKnownFileType = sourcecode.swift; path = BubblesUITestsLaunchTests.swift; sourceTree = "<group>"; };
		B8E813A72B24EEEC0051FF23 /* LoginView.swift */ = {isa = PBXFileReference; lastKnownFileType = sourcecode.swift; path = LoginView.swift; sourceTree = "<group>"; };
		B8E813A92B24EF5A0051FF23 /* InputView.swift */ = {isa = PBXFileReference; lastKnownFileType = sourcecode.swift; path = InputView.swift; sourceTree = "<group>"; };
		B8E813AB2B24FFC90051FF23 /* GlowyTextView.swift */ = {isa = PBXFileReference; lastKnownFileType = sourcecode.swift; path = GlowyTextView.swift; sourceTree = "<group>"; };
		B8E813AE2B2509750051FF23 /* Webservice.swift */ = {isa = PBXFileReference; lastKnownFileType = sourcecode.swift; path = Webservice.swift; sourceTree = "<group>"; };
		B8E813B22B250F900051FF23 /* AuthViewModel.swift */ = {isa = PBXFileReference; lastKnownFileType = sourcecode.swift; path = AuthViewModel.swift; sourceTree = "<group>"; };
		B8E813B62B251D500051FF23 /* RegistrationView.swift */ = {isa = PBXFileReference; lastKnownFileType = sourcecode.swift; path = RegistrationView.swift; sourceTree = "<group>"; };
		B8E813B92B25265E0051FF23 /* LocationManager.swift */ = {isa = PBXFileReference; lastKnownFileType = sourcecode.swift; path = LocationManager.swift; sourceTree = "<group>"; };
		B8E813BC2B252BE80051FF23 /* HomeView.swift */ = {isa = PBXFileReference; lastKnownFileType = sourcecode.swift; path = HomeView.swift; sourceTree = "<group>"; };
		B8E813BE2B252C200051FF23 /* HomeMapViewRepresentable.swift */ = {isa = PBXFileReference; lastKnownFileType = sourcecode.swift; path = HomeMapViewRepresentable.swift; sourceTree = "<group>"; };
		B8E813C02B2533670051FF23 /* MapButton.swift */ = {isa = PBXFileReference; lastKnownFileType = sourcecode.swift; path = MapButton.swift; sourceTree = "<group>"; };
		B8E813C22B2538640051FF23 /* MapAccountButton.swift */ = {isa = PBXFileReference; lastKnownFileType = sourcecode.swift; path = MapAccountButton.swift; sourceTree = "<group>"; };
		B8E813C52B253BC70051FF23 /* ProfileView.swift */ = {isa = PBXFileReference; lastKnownFileType = sourcecode.swift; path = ProfileView.swift; sourceTree = "<group>"; };
		B8E813C82B25551C0051FF23 /* APIModels.swift */ = {isa = PBXFileReference; lastKnownFileType = sourcecode.swift; path = APIModels.swift; sourceTree = "<group>"; };
		B8E813CA2B255F330051FF23 /* ProfileListViewModel.swift */ = {isa = PBXFileReference; lastKnownFileType = sourcecode.swift; path = ProfileListViewModel.swift; sourceTree = "<group>"; };
/* End PBXFileReference section */

/* Begin PBXFrameworksBuildPhase section */
		B80289B22AB9AA6400EFB14F /* Frameworks */ = {
			isa = PBXFrameworksBuildPhase;
			buildActionMask = 2147483647;
			files = (
			);
			runOnlyForDeploymentPostprocessing = 0;
		};
		B80289C22AB9AA6500EFB14F /* Frameworks */ = {
			isa = PBXFrameworksBuildPhase;
			buildActionMask = 2147483647;
			files = (
			);
			runOnlyForDeploymentPostprocessing = 0;
		};
		B80289CC2AB9AA6500EFB14F /* Frameworks */ = {
			isa = PBXFrameworksBuildPhase;
			buildActionMask = 2147483647;
			files = (
			);
			runOnlyForDeploymentPostprocessing = 0;
		};
/* End PBXFrameworksBuildPhase section */

/* Begin PBXGroup section */
		B80289AC2AB9AA6400EFB14F = {
			isa = PBXGroup;
			children = (
				B80289B72AB9AA6400EFB14F /* Bubbles */,
				B80289C82AB9AA6500EFB14F /* BubblesTests */,
				B80289D22AB9AA6500EFB14F /* BubblesUITests */,
				B80289B62AB9AA6400EFB14F /* Products */,
			);
			sourceTree = "<group>";
		};
		B80289B62AB9AA6400EFB14F /* Products */ = {
			isa = PBXGroup;
			children = (
				B80289B52AB9AA6400EFB14F /* Bubbles.app */,
				B80289C52AB9AA6500EFB14F /* BubblesTests.xctest */,
				B80289CF2AB9AA6500EFB14F /* BubblesUITests.xctest */,
			);
			name = Products;
			sourceTree = "<group>";
		};
		B80289B72AB9AA6400EFB14F /* Bubbles */ = {
			isa = PBXGroup;
			children = (
				B8E813C72B25550B0051FF23 /* Models */,
				B8E813B82B2526560051FF23 /* Managers */,
				B8E813AD2B2509640051FF23 /* Services */,
				B8E813A42B24EECB0051FF23 /* Component */,
				B8E813A32B24EEAB0051FF23 /* App */,
				B8E813A12B24EE9B0051FF23 /* Core */,
				B80289BC2AB9AA6500EFB14F /* Assets.xcassets */,
				B80289BE2AB9AA6500EFB14F /* Preview Content */,
			);
			path = Bubbles;
			sourceTree = "<group>";
		};
		B80289BE2AB9AA6500EFB14F /* Preview Content */ = {
			isa = PBXGroup;
			children = (
				B80289BF2AB9AA6500EFB14F /* Preview Assets.xcassets */,
			);
			path = "Preview Content";
			sourceTree = "<group>";
		};
		B80289C82AB9AA6500EFB14F /* BubblesTests */ = {
			isa = PBXGroup;
			children = (
				B80289C92AB9AA6500EFB14F /* BubblesTests.swift */,
			);
			path = BubblesTests;
			sourceTree = "<group>";
		};
		B80289D22AB9AA6500EFB14F /* BubblesUITests */ = {
			isa = PBXGroup;
			children = (
				B80289D32AB9AA6500EFB14F /* BubblesUITests.swift */,
				B80289D52AB9AA6500EFB14F /* BubblesUITestsLaunchTests.swift */,
			);
			path = BubblesUITests;
			sourceTree = "<group>";
		};
		B8E813A12B24EE9B0051FF23 /* Core */ = {
			isa = PBXGroup;
			children = (
				B8E813C42B253BBE0051FF23 /* Profile */,
				B8E813BB2B252BDF0051FF23 /* Home */,
				B8E813A52B24EED80051FF23 /* Auth */,
				B8E813A22B24EEA20051FF23 /* Root */,
			);
			path = Core;
			sourceTree = "<group>";
		};
		B8E813A22B24EEA20051FF23 /* Root */ = {
			isa = PBXGroup;
			children = (
				B80289BA2AB9AA6400EFB14F /* ContentView.swift */,
			);
			path = Root;
			sourceTree = "<group>";
		};
		B8E813A32B24EEAB0051FF23 /* App */ = {
			isa = PBXGroup;
			children = (
				B80289B82AB9AA6400EFB14F /* BubblesApp.swift */,
			);
			path = App;
			sourceTree = "<group>";
		};
		B8E813A42B24EECB0051FF23 /* Component */ = {
			isa = PBXGroup;
			children = (
				B8E813A92B24EF5A0051FF23 /* InputView.swift */,
				B8E813AB2B24FFC90051FF23 /* GlowyTextView.swift */,
				B8E813C02B2533670051FF23 /* MapButton.swift */,
				B8E813C22B2538640051FF23 /* MapAccountButton.swift */,
			);
			path = Component;
			sourceTree = "<group>";
		};
		B8E813A52B24EED80051FF23 /* Auth */ = {
			isa = PBXGroup;
			children = (
				B8E813B12B250F7E0051FF23 /* ViewModel */,
				B8E813B02B250F7A0051FF23 /* View */,
			);
			path = Auth;
			sourceTree = "<group>";
		};
		B8E813AD2B2509640051FF23 /* Services */ = {
			isa = PBXGroup;
			children = (
				B8E813AE2B2509750051FF23 /* Webservice.swift */,
			);
			path = Services;
			sourceTree = "<group>";
		};
		B8E813B02B250F7A0051FF23 /* View */ = {
			isa = PBXGroup;
			children = (
				B8E813A72B24EEEC0051FF23 /* LoginView.swift */,
				B8E813B62B251D500051FF23 /* RegistrationView.swift */,
			);
			path = View;
			sourceTree = "<group>";
		};
		B8E813B12B250F7E0051FF23 /* ViewModel */ = {
			isa = PBXGroup;
			children = (
				B8E813B22B250F900051FF23 /* AuthViewModel.swift */,
			);
			path = ViewModel;
			sourceTree = "<group>";
		};
		B8E813B82B2526560051FF23 /* Managers */ = {
			isa = PBXGroup;
			children = (
				B8E813B92B25265E0051FF23 /* LocationManager.swift */,
			);
			path = Managers;
			sourceTree = "<group>";
		};
		B8E813BB2B252BDF0051FF23 /* Home */ = {
			isa = PBXGroup;
			children = (
				B8E813BC2B252BE80051FF23 /* HomeView.swift */,
				B8E813BE2B252C200051FF23 /* HomeMapViewRepresentable.swift */,
			);
			path = Home;
			sourceTree = "<group>";
		};
		B8E813C42B253BBE0051FF23 /* Profile */ = {
			isa = PBXGroup;
			children = (
				B8E813C52B253BC70051FF23 /* ProfileView.swift */,
				B8E813CA2B255F330051FF23 /* ProfileListViewModel.swift */,
			);
			path = Profile;
			sourceTree = "<group>";
		};
		B8E813C72B25550B0051FF23 /* Models */ = {
			isa = PBXGroup;
			children = (
				B8E813C82B25551C0051FF23 /* APIModels.swift */,
			);
			path = Models;
			sourceTree = "<group>";
		};
/* End PBXGroup section */

/* Begin PBXNativeTarget section */
		B80289B42AB9AA6400EFB14F /* Bubbles */ = {
			isa = PBXNativeTarget;
			buildConfigurationList = B80289D92AB9AA6500EFB14F /* Build configuration list for PBXNativeTarget "Bubbles" */;
			buildPhases = (
				B80289B12AB9AA6400EFB14F /* Sources */,
				B80289B22AB9AA6400EFB14F /* Frameworks */,
				B80289B32AB9AA6400EFB14F /* Resources */,
			);
			buildRules = (
			);
			dependencies = (
			);
			name = Bubbles;
			productName = Bubbles;
			productReference = B80289B52AB9AA6400EFB14F /* Bubbles.app */;
			productType = "com.apple.product-type.application";
		};
		B80289C42AB9AA6500EFB14F /* BubblesTests */ = {
			isa = PBXNativeTarget;
			buildConfigurationList = B80289DC2AB9AA6500EFB14F /* Build configuration list for PBXNativeTarget "BubblesTests" */;
			buildPhases = (
				B80289C12AB9AA6500EFB14F /* Sources */,
				B80289C22AB9AA6500EFB14F /* Frameworks */,
				B80289C32AB9AA6500EFB14F /* Resources */,
			);
			buildRules = (
			);
			dependencies = (
				B80289C72AB9AA6500EFB14F /* PBXTargetDependency */,
			);
			name = BubblesTests;
			productName = BubblesTests;
			productReference = B80289C52AB9AA6500EFB14F /* BubblesTests.xctest */;
			productType = "com.apple.product-type.bundle.unit-test";
		};
		B80289CE2AB9AA6500EFB14F /* BubblesUITests */ = {
			isa = PBXNativeTarget;
			buildConfigurationList = B80289DF2AB9AA6500EFB14F /* Build configuration list for PBXNativeTarget "BubblesUITests" */;
			buildPhases = (
				B80289CB2AB9AA6500EFB14F /* Sources */,
				B80289CC2AB9AA6500EFB14F /* Frameworks */,
				B80289CD2AB9AA6500EFB14F /* Resources */,
			);
			buildRules = (
			);
			dependencies = (
				B80289D12AB9AA6500EFB14F /* PBXTargetDependency */,
			);
			name = BubblesUITests;
			productName = BubblesUITests;
			productReference = B80289CF2AB9AA6500EFB14F /* BubblesUITests.xctest */;
			productType = "com.apple.product-type.bundle.ui-testing";
		};
/* End PBXNativeTarget section */

/* Begin PBXProject section */
		B80289AD2AB9AA6400EFB14F /* Project object */ = {
			isa = PBXProject;
			attributes = {
				BuildIndependentTargetsInParallel = 1;
				LastSwiftUpdateCheck = 1430;
				LastUpgradeCheck = 1430;
				TargetAttributes = {
					B80289B42AB9AA6400EFB14F = {
						CreatedOnToolsVersion = 14.3.1;
					};
					B80289C42AB9AA6500EFB14F = {
						CreatedOnToolsVersion = 14.3.1;
						TestTargetID = B80289B42AB9AA6400EFB14F;
					};
					B80289CE2AB9AA6500EFB14F = {
						CreatedOnToolsVersion = 14.3.1;
						TestTargetID = B80289B42AB9AA6400EFB14F;
					};
				};
			};
			buildConfigurationList = B80289B02AB9AA6400EFB14F /* Build configuration list for PBXProject "Bubbles" */;
			compatibilityVersion = "Xcode 14.0";
			developmentRegion = en;
			hasScannedForEncodings = 0;
			knownRegions = (
				en,
				Base,
			);
			mainGroup = B80289AC2AB9AA6400EFB14F;
			productRefGroup = B80289B62AB9AA6400EFB14F /* Products */;
			projectDirPath = "";
			projectRoot = "";
			targets = (
				B80289B42AB9AA6400EFB14F /* Bubbles */,
				B80289C42AB9AA6500EFB14F /* BubblesTests */,
				B80289CE2AB9AA6500EFB14F /* BubblesUITests */,
			);
		};
/* End PBXProject section */

/* Begin PBXResourcesBuildPhase section */
		B80289B32AB9AA6400EFB14F /* Resources */ = {
			isa = PBXResourcesBuildPhase;
			buildActionMask = 2147483647;
			files = (
				B80289C02AB9AA6500EFB14F /* Preview Assets.xcassets in Resources */,
				B80289BD2AB9AA6500EFB14F /* Assets.xcassets in Resources */,
			);
			runOnlyForDeploymentPostprocessing = 0;
		};
		B80289C32AB9AA6500EFB14F /* Resources */ = {
			isa = PBXResourcesBuildPhase;
			buildActionMask = 2147483647;
			files = (
			);
			runOnlyForDeploymentPostprocessing = 0;
		};
		B80289CD2AB9AA6500EFB14F /* Resources */ = {
			isa = PBXResourcesBuildPhase;
			buildActionMask = 2147483647;
			files = (
			);
			runOnlyForDeploymentPostprocessing = 0;
		};
/* End PBXResourcesBuildPhase section */

/* Begin PBXSourcesBuildPhase section */
		B80289B12AB9AA6400EFB14F /* Sources */ = {
			isa = PBXSourcesBuildPhase;
			buildActionMask = 2147483647;
			files = (
				B8E813AC2B24FFC90051FF23 /* GlowyTextView.swift in Sources */,
				B8E813BD2B252BE80051FF23 /* HomeView.swift in Sources */,
				B8E813A82B24EEEC0051FF23 /* LoginView.swift in Sources */,
				B8E813B72B251D500051FF23 /* RegistrationView.swift in Sources */,
				B8E813C12B2533670051FF23 /* MapButton.swift in Sources */,
				B8E813AF2B2509750051FF23 /* Webservice.swift in Sources */,
				B8E813C92B25551C0051FF23 /* APIModels.swift in Sources */,
				B8E813BF2B252C200051FF23 /* HomeMapViewRepresentable.swift in Sources */,
				B8E813BA2B25265E0051FF23 /* LocationManager.swift in Sources */,
				B8E813C32B2538640051FF23 /* MapAccountButton.swift in Sources */,
				B8E813B32B250F900051FF23 /* AuthViewModel.swift in Sources */,
				B8E813AA2B24EF5A0051FF23 /* InputView.swift in Sources */,
				B80289BB2AB9AA6400EFB14F /* ContentView.swift in Sources */,
				B8E813C62B253BC70051FF23 /* ProfileView.swift in Sources */,
				B8E813CB2B255F330051FF23 /* ProfileListViewModel.swift in Sources */,
				B80289B92AB9AA6400EFB14F /* BubblesApp.swift in Sources */,
			);
			runOnlyForDeploymentPostprocessing = 0;
		};
		B80289C12AB9AA6500EFB14F /* Sources */ = {
			isa = PBXSourcesBuildPhase;
			buildActionMask = 2147483647;
			files = (
				B80289CA2AB9AA6500EFB14F /* BubblesTests.swift in Sources */,
			);
			runOnlyForDeploymentPostprocessing = 0;
		};
		B80289CB2AB9AA6500EFB14F /* Sources */ = {
			isa = PBXSourcesBuildPhase;
			buildActionMask = 2147483647;
			files = (
				B80289D62AB9AA6500EFB14F /* BubblesUITestsLaunchTests.swift in Sources */,
				B80289D42AB9AA6500EFB14F /* BubblesUITests.swift in Sources */,
			);
			runOnlyForDeploymentPostprocessing = 0;
		};
/* End PBXSourcesBuildPhase section */

/* Begin PBXTargetDependency section */
		B80289C72AB9AA6500EFB14F /* PBXTargetDependency */ = {
			isa = PBXTargetDependency;
			target = B80289B42AB9AA6400EFB14F /* Bubbles */;
			targetProxy = B80289C62AB9AA6500EFB14F /* PBXContainerItemProxy */;
		};
		B80289D12AB9AA6500EFB14F /* PBXTargetDependency */ = {
			isa = PBXTargetDependency;
			target = B80289B42AB9AA6400EFB14F /* Bubbles */;
			targetProxy = B80289D02AB9AA6500EFB14F /* PBXContainerItemProxy */;
		};
/* End PBXTargetDependency section */

/* Begin XCBuildConfiguration section */
		B80289D72AB9AA6500EFB14F /* Debug */ = {
			isa = XCBuildConfiguration;
			buildSettings = {
				ALWAYS_SEARCH_USER_PATHS = NO;
				CLANG_ANALYZER_NONNULL = YES;
				CLANG_ANALYZER_NUMBER_OBJECT_CONVERSION = YES_AGGRESSIVE;
				CLANG_CXX_LANGUAGE_STANDARD = "gnu++20";
				CLANG_ENABLE_MODULES = YES;
				CLANG_ENABLE_OBJC_ARC = YES;
				CLANG_ENABLE_OBJC_WEAK = YES;
				CLANG_WARN_BLOCK_CAPTURE_AUTORELEASING = YES;
				CLANG_WARN_BOOL_CONVERSION = YES;
				CLANG_WARN_COMMA = YES;
				CLANG_WARN_CONSTANT_CONVERSION = YES;
				CLANG_WARN_DEPRECATED_OBJC_IMPLEMENTATIONS = YES;
				CLANG_WARN_DIRECT_OBJC_ISA_USAGE = YES_ERROR;
				CLANG_WARN_DOCUMENTATION_COMMENTS = YES;
				CLANG_WARN_EMPTY_BODY = YES;
				CLANG_WARN_ENUM_CONVERSION = YES;
				CLANG_WARN_INFINITE_RECURSION = YES;
				CLANG_WARN_INT_CONVERSION = YES;
				CLANG_WARN_NON_LITERAL_NULL_CONVERSION = YES;
				CLANG_WARN_OBJC_IMPLICIT_RETAIN_SELF = YES;
				CLANG_WARN_OBJC_LITERAL_CONVERSION = YES;
				CLANG_WARN_OBJC_ROOT_CLASS = YES_ERROR;
				CLANG_WARN_QUOTED_INCLUDE_IN_FRAMEWORK_HEADER = YES;
				CLANG_WARN_RANGE_LOOP_ANALYSIS = YES;
				CLANG_WARN_STRICT_PROTOTYPES = YES;
				CLANG_WARN_SUSPICIOUS_MOVE = YES;
				CLANG_WARN_UNGUARDED_AVAILABILITY = YES_AGGRESSIVE;
				CLANG_WARN_UNREACHABLE_CODE = YES;
				CLANG_WARN__DUPLICATE_METHOD_MATCH = YES;
				COPY_PHASE_STRIP = NO;
				DEBUG_INFORMATION_FORMAT = dwarf;
				ENABLE_STRICT_OBJC_MSGSEND = YES;
				ENABLE_TESTABILITY = YES;
				GCC_C_LANGUAGE_STANDARD = gnu11;
				GCC_DYNAMIC_NO_PIC = NO;
				GCC_NO_COMMON_BLOCKS = YES;
				GCC_OPTIMIZATION_LEVEL = 0;
				GCC_PREPROCESSOR_DEFINITIONS = (
					"DEBUG=1",
					"$(inherited)",
				);
				GCC_WARN_64_TO_32_BIT_CONVERSION = YES;
				GCC_WARN_ABOUT_RETURN_TYPE = YES_ERROR;
				GCC_WARN_UNDECLARED_SELECTOR = YES;
				GCC_WARN_UNINITIALIZED_AUTOS = YES_AGGRESSIVE;
				GCC_WARN_UNUSED_FUNCTION = YES;
				GCC_WARN_UNUSED_VARIABLE = YES;
				IPHONEOS_DEPLOYMENT_TARGET = 16.4;
				MTL_ENABLE_DEBUG_INFO = INCLUDE_SOURCE;
				MTL_FAST_MATH = YES;
				ONLY_ACTIVE_ARCH = YES;
				SDKROOT = iphoneos;
				SWIFT_ACTIVE_COMPILATION_CONDITIONS = DEBUG;
				SWIFT_OPTIMIZATION_LEVEL = "-Onone";
			};
			name = Debug;
		};
		B80289D82AB9AA6500EFB14F /* Release */ = {
			isa = XCBuildConfiguration;
			buildSettings = {
				ALWAYS_SEARCH_USER_PATHS = NO;
				CLANG_ANALYZER_NONNULL = YES;
				CLANG_ANALYZER_NUMBER_OBJECT_CONVERSION = YES_AGGRESSIVE;
				CLANG_CXX_LANGUAGE_STANDARD = "gnu++20";
				CLANG_ENABLE_MODULES = YES;
				CLANG_ENABLE_OBJC_ARC = YES;
				CLANG_ENABLE_OBJC_WEAK = YES;
				CLANG_WARN_BLOCK_CAPTURE_AUTORELEASING = YES;
				CLANG_WARN_BOOL_CONVERSION = YES;
				CLANG_WARN_COMMA = YES;
				CLANG_WARN_CONSTANT_CONVERSION = YES;
				CLANG_WARN_DEPRECATED_OBJC_IMPLEMENTATIONS = YES;
				CLANG_WARN_DIRECT_OBJC_ISA_USAGE = YES_ERROR;
				CLANG_WARN_DOCUMENTATION_COMMENTS = YES;
				CLANG_WARN_EMPTY_BODY = YES;
				CLANG_WARN_ENUM_CONVERSION = YES;
				CLANG_WARN_INFINITE_RECURSION = YES;
				CLANG_WARN_INT_CONVERSION = YES;
				CLANG_WARN_NON_LITERAL_NULL_CONVERSION = YES;
				CLANG_WARN_OBJC_IMPLICIT_RETAIN_SELF = YES;
				CLANG_WARN_OBJC_LITERAL_CONVERSION = YES;
				CLANG_WARN_OBJC_ROOT_CLASS = YES_ERROR;
				CLANG_WARN_QUOTED_INCLUDE_IN_FRAMEWORK_HEADER = YES;
				CLANG_WARN_RANGE_LOOP_ANALYSIS = YES;
				CLANG_WARN_STRICT_PROTOTYPES = YES;
				CLANG_WARN_SUSPICIOUS_MOVE = YES;
				CLANG_WARN_UNGUARDED_AVAILABILITY = YES_AGGRESSIVE;
				CLANG_WARN_UNREACHABLE_CODE = YES;
				CLANG_WARN__DUPLICATE_METHOD_MATCH = YES;
				COPY_PHASE_STRIP = NO;
				DEBUG_INFORMATION_FORMAT = "dwarf-with-dsym";
				ENABLE_NS_ASSERTIONS = NO;
				ENABLE_STRICT_OBJC_MSGSEND = YES;
				GCC_C_LANGUAGE_STANDARD = gnu11;
				GCC_NO_COMMON_BLOCKS = YES;
				GCC_WARN_64_TO_32_BIT_CONVERSION = YES;
				GCC_WARN_ABOUT_RETURN_TYPE = YES_ERROR;
				GCC_WARN_UNDECLARED_SELECTOR = YES;
				GCC_WARN_UNINITIALIZED_AUTOS = YES_AGGRESSIVE;
				GCC_WARN_UNUSED_FUNCTION = YES;
				GCC_WARN_UNUSED_VARIABLE = YES;
				IPHONEOS_DEPLOYMENT_TARGET = 16.4;
				MTL_ENABLE_DEBUG_INFO = NO;
				MTL_FAST_MATH = YES;
				SDKROOT = iphoneos;
				SWIFT_COMPILATION_MODE = wholemodule;
				SWIFT_OPTIMIZATION_LEVEL = "-O";
				VALIDATE_PRODUCT = YES;
			};
			name = Release;
		};
		B80289DA2AB9AA6500EFB14F /* Debug */ = {
			isa = XCBuildConfiguration;
			buildSettings = {
				ASSETCATALOG_COMPILER_APPICON_NAME = AppIcon;
				ASSETCATALOG_COMPILER_GLOBAL_ACCENT_COLOR_NAME = AccentColor;
				CODE_SIGN_STYLE = Automatic;
				CURRENT_PROJECT_VERSION = 1;
				DEVELOPMENT_ASSET_PATHS = "\"Bubbles/Preview Content\"";
				DEVELOPMENT_TEAM = 7ST2TS55FC;
				ENABLE_PREVIEWS = YES;
				GENERATE_INFOPLIST_FILE = YES;
				INFOPLIST_KEY_NSLocationWhenInUseUsageDescription = "Приложению нужно ваше местоположение";
				INFOPLIST_KEY_UIApplicationSceneManifest_Generation = YES;
				INFOPLIST_KEY_UIApplicationSupportsIndirectInputEvents = YES;
				INFOPLIST_KEY_UILaunchScreen_Generation = YES;
				INFOPLIST_KEY_UISupportedInterfaceOrientations_iPad = "UIInterfaceOrientationPortrait UIInterfaceOrientationPortraitUpsideDown UIInterfaceOrientationLandscapeLeft UIInterfaceOrientationLandscapeRight";
				INFOPLIST_KEY_UISupportedInterfaceOrientations_iPhone = "UIInterfaceOrientationPortrait UIInterfaceOrientationLandscapeLeft UIInterfaceOrientationLandscapeRight";
				IPHONEOS_DEPLOYMENT_TARGET = 17.0;
				LD_RUNPATH_SEARCH_PATHS = (
					"$(inherited)",
					"@executable_path/Frameworks",
				);
				MARKETING_VERSION = 1.0;
				PRODUCT_BUNDLE_IDENTIFIER = false.Bubbles;
				PRODUCT_NAME = "$(TARGET_NAME)";
				SWIFT_EMIT_LOC_STRINGS = YES;
				SWIFT_VERSION = 5.0;
				TARGETED_DEVICE_FAMILY = "1,2";
			};
			name = Debug;
		};
		B80289DB2AB9AA6500EFB14F /* Release */ = {
			isa = XCBuildConfiguration;
			buildSettings = {
				ASSETCATALOG_COMPILER_APPICON_NAME = AppIcon;
				ASSETCATALOG_COMPILER_GLOBAL_ACCENT_COLOR_NAME = AccentColor;
				CODE_SIGN_STYLE = Automatic;
				CURRENT_PROJECT_VERSION = 1;
				DEVELOPMENT_ASSET_PATHS = "\"Bubbles/Preview Content\"";
				DEVELOPMENT_TEAM = 7ST2TS55FC;
				ENABLE_PREVIEWS = YES;
				GENERATE_INFOPLIST_FILE = YES;
				INFOPLIST_KEY_NSLocationWhenInUseUsageDescription = "Приложению нужно ваше местоположение";
				INFOPLIST_KEY_UIApplicationSceneManifest_Generation = YES;
				INFOPLIST_KEY_UIApplicationSupportsIndirectInputEvents = YES;
				INFOPLIST_KEY_UILaunchScreen_Generation = YES;
				INFOPLIST_KEY_UISupportedInterfaceOrientations_iPad = "UIInterfaceOrientationPortrait UIInterfaceOrientationPortraitUpsideDown UIInterfaceOrientationLandscapeLeft UIInterfaceOrientationLandscapeRight";
				INFOPLIST_KEY_UISupportedInterfaceOrientations_iPhone = "UIInterfaceOrientationPortrait UIInterfaceOrientationLandscapeLeft UIInterfaceOrientationLandscapeRight";
				IPHONEOS_DEPLOYMENT_TARGET = 17.0;
				LD_RUNPATH_SEARCH_PATHS = (
					"$(inherited)",
					"@executable_path/Frameworks",
				);
				MARKETING_VERSION = 1.0;
				PRODUCT_BUNDLE_IDENTIFIER = false.Bubbles;
				PRODUCT_NAME = "$(TARGET_NAME)";
				SWIFT_EMIT_LOC_STRINGS = YES;
				SWIFT_VERSION = 5.0;
				TARGETED_DEVICE_FAMILY = "1,2";
			};
			name = Release;
		};
		B80289DD2AB9AA6500EFB14F /* Debug */ = {
			isa = XCBuildConfiguration;
			buildSettings = {
				ALWAYS_EMBED_SWIFT_STANDARD_LIBRARIES = YES;
				BUNDLE_LOADER = "$(TEST_HOST)";
				CODE_SIGN_STYLE = Automatic;
				CURRENT_PROJECT_VERSION = 1;
				GENERATE_INFOPLIST_FILE = YES;
				IPHONEOS_DEPLOYMENT_TARGET = 16.4;
				MARKETING_VERSION = 1.0;
				PRODUCT_BUNDLE_IDENTIFIER = false.BubblesTests;
				PRODUCT_NAME = "$(TARGET_NAME)";
				SWIFT_EMIT_LOC_STRINGS = NO;
				SWIFT_VERSION = 5.0;
				TARGETED_DEVICE_FAMILY = "1,2";
				TEST_HOST = "$(BUILT_PRODUCTS_DIR)/Bubbles.app/$(BUNDLE_EXECUTABLE_FOLDER_PATH)/Bubbles";
			};
			name = Debug;
		};
		B80289DE2AB9AA6500EFB14F /* Release */ = {
			isa = XCBuildConfiguration;
			buildSettings = {
				ALWAYS_EMBED_SWIFT_STANDARD_LIBRARIES = YES;
				BUNDLE_LOADER = "$(TEST_HOST)";
				CODE_SIGN_STYLE = Automatic;
				CURRENT_PROJECT_VERSION = 1;
				GENERATE_INFOPLIST_FILE = YES;
				IPHONEOS_DEPLOYMENT_TARGET = 16.4;
				MARKETING_VERSION = 1.0;
				PRODUCT_BUNDLE_IDENTIFIER = false.BubblesTests;
				PRODUCT_NAME = "$(TARGET_NAME)";
				SWIFT_EMIT_LOC_STRINGS = NO;
				SWIFT_VERSION = 5.0;
				TARGETED_DEVICE_FAMILY = "1,2";
				TEST_HOST = "$(BUILT_PRODUCTS_DIR)/Bubbles.app/$(BUNDLE_EXECUTABLE_FOLDER_PATH)/Bubbles";
			};
			name = Release;
		};
		B80289E02AB9AA6500EFB14F /* Debug */ = {
			isa = XCBuildConfiguration;
			buildSettings = {
				ALWAYS_EMBED_SWIFT_STANDARD_LIBRARIES = YES;
				CODE_SIGN_STYLE = Automatic;
				CURRENT_PROJECT_VERSION = 1;
				GENERATE_INFOPLIST_FILE = YES;
				MARKETING_VERSION = 1.0;
				PRODUCT_BUNDLE_IDENTIFIER = false.BubblesUITests;
				PRODUCT_NAME = "$(TARGET_NAME)";
				SWIFT_EMIT_LOC_STRINGS = NO;
				SWIFT_VERSION = 5.0;
				TARGETED_DEVICE_FAMILY = "1,2";
				TEST_TARGET_NAME = Bubbles;
			};
			name = Debug;
		};
		B80289E12AB9AA6500EFB14F /* Release */ = {
			isa = XCBuildConfiguration;
			buildSettings = {
				ALWAYS_EMBED_SWIFT_STANDARD_LIBRARIES = YES;
				CODE_SIGN_STYLE = Automatic;
				CURRENT_PROJECT_VERSION = 1;
				GENERATE_INFOPLIST_FILE = YES;
				MARKETING_VERSION = 1.0;
				PRODUCT_BUNDLE_IDENTIFIER = false.BubblesUITests;
				PRODUCT_NAME = "$(TARGET_NAME)";
				SWIFT_EMIT_LOC_STRINGS = NO;
				SWIFT_VERSION = 5.0;
				TARGETED_DEVICE_FAMILY = "1,2";
				TEST_TARGET_NAME = Bubbles;
			};
			name = Release;
		};
/* End XCBuildConfiguration section */

/* Begin XCConfigurationList section */
		B80289B02AB9AA6400EFB14F /* Build configuration list for PBXProject "Bubbles" */ = {
			isa = XCConfigurationList;
			buildConfigurations = (
				B80289D72AB9AA6500EFB14F /* Debug */,
				B80289D82AB9AA6500EFB14F /* Release */,
			);
			defaultConfigurationIsVisible = 0;
			defaultConfigurationName = Release;
		};
		B80289D92AB9AA6500EFB14F /* Build configuration list for PBXNativeTarget "Bubbles" */ = {
			isa = XCConfigurationList;
			buildConfigurations = (
				B80289DA2AB9AA6500EFB14F /* Debug */,
				B80289DB2AB9AA6500EFB14F /* Release */,
			);
			defaultConfigurationIsVisible = 0;
			defaultConfigurationName = Release;
		};
		B80289DC2AB9AA6500EFB14F /* Build configuration list for PBXNativeTarget "BubblesTests" */ = {
			isa = XCConfigurationList;
			buildConfigurations = (
				B80289DD2AB9AA6500EFB14F /* Debug */,
				B80289DE2AB9AA6500EFB14F /* Release */,
			);
			defaultConfigurationIsVisible = 0;
			defaultConfigurationName = Release;
		};
		B80289DF2AB9AA6500EFB14F /* Build configuration list for PBXNativeTarget "BubblesUITests" */ = {
			isa = XCConfigurationList;
			buildConfigurations = (
				B80289E02AB9AA6500EFB14F /* Debug */,
				B80289E12AB9AA6500EFB14F /* Release */,
			);
			defaultConfigurationIsVisible = 0;
			defaultConfigurationName = Release;
		};
/* End XCConfigurationList section */
	};
	rootObject = B80289AD2AB9AA6400EFB14F /* Project object */;
}
